
Microsoft Visual Studio Solution File, Format Version 12.00
# Visual Studio 2013
VisualStudioVersion = 12.0.30501.0
MinimumVisualStudioVersion = 10.0.40219.1
Project("{FAE04EC0-301F-11D3-BF4B-00C04F79EFBC}") = "Gcm.Practicum.Tests", "Gcm.Practicum.Tests\Gcm.Practicum.Tests.csproj", "{9344762A-A630-48D6-9BA4-C291639BAA8C}"
EndProject
Project("{FAE04EC0-301F-11D3-BF4B-00C04F79EFBC}") = "Gcm.Practicum.Console", "Gcm.Practicum.Console\Gcm.Practicum.Console.csproj", "{E7FBBF56-687C-4141-AAE4-7D1A4C9A72C5}"
EndProject
Project("{FAE04EC0-301F-11D3-BF4B-00C04F79EFBC}") = "Gcm.Practicum.Services", "Gcm.Practicum.Services\Gcm.Practicum.Services.csproj", "{0EF1BD2A-714D-4F01-9325-A81147131ED6}"
EndProject
Global
	GlobalSection(SolutionConfigurationPlatforms) = preSolution
		Debug|Any CPU = Debug|Any CPU
		Release|Any CPU = Release|Any CPU
	EndGlobalSection
	GlobalSection(ProjectConfigurationPlatforms) = postSolution
		{9344762A-A630-48D6-9BA4-C291639BAA8C}.Debug|Any CPU.ActiveCfg = Debug|Any CPU
		{9344762A-A630-48D6-9BA4-C291639BAA8C}.Debug|Any CPU.Build.0 = Debug|Any CPU
		{9344762A-A630-48D6-9BA4-C291639BAA8C}.Release|Any CPU.ActiveCfg = Release|Any CPU
		{9344762A-A630-48D6-9BA4-C291639BAA8C}.Release|Any CPU.Build.0 = Release|Any CPU
		{E7FBBF56-687C-4141-AAE4-7D1A4C9A72C5}.Debug|Any CPU.ActiveCfg = Debug|Any CPU
		{E7FBBF56-687C-4141-AAE4-7D1A4C9A72C5}.Debug|Any CPU.Build.0 = Debug|Any CPU
		{E7FBBF56-687C-4141-AAE4-7D1A4C9A72C5}.Release|Any CPU.ActiveCfg = Release|Any CPU
		{E7FBBF56-687C-4141-AAE4-7D1A4C9A72C5}.Release|Any CPU.Build.0 = Release|Any CPU
		{0EF1BD2A-714D-4F01-9325-A81147131ED6}.Debug|Any CPU.ActiveCfg = Debug|Any CPU
		{0EF1BD2A-714D-4F01-9325-A81147131ED6}.Debug|Any CPU.Build.0 = Debug|Any CPU
		{0EF1BD2A-714D-4F01-9325-A81147131ED6}.Release|Any CPU.ActiveCfg = Release|Any CPU
		{0EF1BD2A-714D-4F01-9325-A81147131ED6}.Release|Any CPU.Build.0 = Release|Any CPU
	EndGlobalSection
	GlobalSection(SolutionProperties) = preSolution
		HideSolutionNode = FALSE
	EndGlobalSection
EndGlobal
